{
  "lockfileVersion": 1,
  "workspaces": {
    "": {
      "name": "claudex",
      "dependencies": {
        "@anthropic-ai/claude-agent-sdk": "^0.2.71",
        "@openai/codex-sdk": "^0.112.0",
        "ajv": "^8.18.0",
      },
      "devDependencies": {
        "@biomejs/biome": "^2.4.6",
        "@types/bun": "latest",
        "typescript": "^5.8.2",
      },
    },
  },
  "packages": {
    "@anthropic-ai/claude-agent-sdk": ["@anthropic-ai/claude-agent-sdk@0.2.71", "", { "optionalDependencies": { "@img/sharp-darwin-arm64": "^0.34.2", "@img/sharp-darwin-x64": "^0.34.2", "@img/sharp-linux-arm": "^0.34.2", "@img/sharp-linux-arm64": "^0.34.2", "@img/sharp-linux-x64": "^0.34.2", "@img/sharp-linuxmusl-arm64": "^0.34.2", "@img/sharp-linuxmusl-x64": "^0.34.2", "@img/sharp-win32-arm64": "^0.34.2", "@img/sharp-win32-x64": "^0.34.2" }, "peerDependencies": { "zod": "^4.0.0" } }, "sha512-pIsQJnM7Y+cJHL7aFY6SCCW3FIni218gVEpPqG8XGowfYxboFNBbNssWiUNRwthT8bp9jypcX7q5kx0Xsw14xg=="],

    "@biomejs/biome": ["@biomejs/biome@2.4.6", "", { "optionalDependencies": { "@biomejs/cli-darwin-arm64": "2.4.6", "@biomejs/cli-darwin-x64": "2.4.6", "@biomejs/cli-linux-arm64": "2.4.6", "@biomejs/cli-linux-arm64-musl": "2.4.6", "@biomejs/cli-linux-x64": "2.4.6", "@biomejs/cli-linux-x64-musl": "2.4.6", "@biomejs/cli-win32-arm64": "2.4.6", "@biomejs/cli-win32-x64": "2.4.6" }, "bin": { "biome": "bin/biome" } }, "sha512-QnHe81PMslpy3mnpL8DnO2M4S4ZnYPkjlGCLWBZT/3R9M6b5daArWMMtEfP52/n174RKnwRIf3oT8+wc9ihSfQ=="],

    "@biomejs/cli-darwin-arm64": ["@biomejs/cli-darwin-arm64@2.4.6", "", { "os": "darwin", "cpu": "arm64" }, "sha512-NW18GSyxr+8sJIqgoGwVp5Zqm4SALH4b4gftIA0n62PTuBs6G2tHlwNAOj0Vq0KKSs7Sf88VjjmHh0O36EnzrQ=="],

    "@biomejs/cli-darwin-x64": ["@biomejs/cli-darwin-x64@2.4.6", "", { "os": "darwin", "cpu": "x64" }, "sha512-4uiE/9tuI7cnjtY9b07RgS7gGyYOAfIAGeVJWEfeCnAarOAS7qVmuRyX6d7JTKw28/mt+rUzMasYeZ+0R/U1Mw=="],

    "@biomejs/cli-linux-arm64": ["@biomejs/cli-linux-arm64@2.4.6", "", { "os": "linux", "cpu": "arm64" }, "sha512-kMLaI7OF5GN1Q8Doymjro1P8rVEoy7BKQALNz6fiR8IC1WKduoNyteBtJlHT7ASIL0Cx2jR6VUOBIbcB1B8pew=="],

    "@biomejs/cli-linux-arm64-musl": ["@biomejs/cli-linux-arm64-musl@2.4.6", "", { "os": "linux", "cpu": "arm64" }, "sha512-F/JdB7eN22txiTqHM5KhIVt0jVkzZwVYrdTR1O3Y4auBOQcXxHK4dxULf4z43QyZI5tsnQJrRBHZy7wwtL+B3A=="],

    "@biomejs/cli-linux-x64": ["@biomejs/cli-linux-x64@2.4.6", "", { "os": "linux", "cpu": "x64" }, "sha512-oHXmUFEoH8Lql1xfc3QkFLiC1hGR7qedv5eKNlC185or+o4/4HiaU7vYODAH3peRCfsuLr1g6v2fK9dFFOYdyw=="],

    "@biomejs/cli-linux-x64-musl": ["@biomejs/cli-linux-x64-musl@2.4.6", "", { "os": "linux", "cpu": "x64" }, "sha512-C9s98IPDu7DYarjlZNuzJKTjVHN03RUnmHV5htvqsx6vEUXCDSJ59DNwjKVD5XYoSS4N+BYhq3RTBAL8X6svEg=="],

    "@biomejs/cli-win32-arm64": ["@biomejs/cli-win32-arm64@2.4.6", "", { "os": "win32", "cpu": "arm64" }, "sha512-xzThn87Pf3YrOGTEODFGONmqXpTwUNxovQb72iaUOdcw8sBSY3+3WD8Hm9IhMYLnPi0n32s3L3NWU6+eSjfqFg=="],

    "@biomejs/cli-win32-x64": ["@biomejs/cli-win32-x64@2.4.6", "", { "os": "win32", "cpu": "x64" }, "sha512-7++XhnsPlr1HDbor5amovPjOH6vsrFOCdp93iKXhFn6bcMUI6soodj3WWKfgEO6JosKU1W5n3uky3WW9RlRjTg=="],

    "@img/sharp-darwin-arm64": ["@img/sharp-darwin-arm64@0.34.5", "", { "optionalDependencies": { "@img/sharp-libvips-darwin-arm64": "1.2.4" }, "os": "darwin", "cpu": "arm64" }, "sha512-imtQ3WMJXbMY4fxb/Ndp6HBTNVtWCUI0WdobyheGf5+ad6xX8VIDO8u2xE4qc/fr08CKG/7dDseFtn6M6g/r3w=="],

    "@img/sharp-darwin-x64": ["@img/sharp-darwin-x64@0.34.5", "", { "optionalDependencies": { "@img/sharp-libvips-darwin-x64": "1.2.4" }, "os": "darwin", "cpu": "x64" }, "sha512-YNEFAF/4KQ/PeW0N+r+aVVsoIY0/qxxikF2SWdp+NRkmMB7y9LBZAVqQ4yhGCm/H3H270OSykqmQMKLBhBJDEw=="],

    "@img/sharp-libvips-darwin-arm64": ["@img/sharp-libvips-darwin-arm64@1.2.4", "", { "os": "darwin", "cpu": "arm64" }, "sha512-zqjjo7RatFfFoP0MkQ51jfuFZBnVE2pRiaydKJ1G/rHZvnsrHAOcQALIi9sA5co5xenQdTugCvtb1cuf78Vf4g=="],

    "@img/sharp-libvips-darwin-x64": ["@img/sharp-libvips-darwin-x64@1.2.4", "", { "os": "darwin", "cpu": "x64" }, "sha512-1IOd5xfVhlGwX+zXv2N93k0yMONvUlANylbJw1eTah8K/Jtpi15KC+WSiaX/nBmbm2HxRM1gZ0nSdjSsrZbGKg=="],

    "@img/sharp-libvips-linux-arm": ["@img/sharp-libvips-linux-arm@1.2.4", "", { "os": "linux", "cpu": "arm" }, "sha512-bFI7xcKFELdiNCVov8e44Ia4u2byA+l3XtsAj+Q8tfCwO6BQ8iDojYdvoPMqsKDkuoOo+X6HZA0s0q11ANMQ8A=="],

    "@img/sharp-libvips-linux-arm64": ["@img/sharp-libvips-linux-arm64@1.2.4", "", { "os": "linux", "cpu": "arm64" }, "sha512-excjX8DfsIcJ10x1Kzr4RcWe1edC9PquDRRPx3YVCvQv+U5p7Yin2s32ftzikXojb1PIFc/9Mt28/y+iRklkrw=="],

    "@img/sharp-libvips-linux-x64": ["@img/sharp-libvips-linux-x64@1.2.4", "", { "os": "linux", "cpu": "x64" }, "sha512-tJxiiLsmHc9Ax1bz3oaOYBURTXGIRDODBqhveVHonrHJ9/+k89qbLl0bcJns+e4t4rvaNBxaEZsFtSfAdquPrw=="],

    "@img/sharp-libvips-linuxmusl-arm64": ["@img/sharp-libvips-linuxmusl-arm64@1.2.4", "", { "os": "linux", "cpu": "arm64" }, "sha512-FVQHuwx1IIuNow9QAbYUzJ+En8KcVm9Lk5+uGUQJHaZmMECZmOlix9HnH7n1TRkXMS0pGxIJokIVB9SuqZGGXw=="],

    "@img/sharp-libvips-linuxmusl-x64": ["@img/sharp-libvips-linuxmusl-x64@1.2.4", "", { "os": "linux", "cpu": "x64" }, "sha512-+LpyBk7L44ZIXwz/VYfglaX/okxezESc6UxDSoyo2Ks6Jxc4Y7sGjpgU9s4PMgqgjj1gZCylTieNamqA1MF7Dg=="],

    "@img/sharp-linux-arm": ["@img/sharp-linux-arm@0.34.5", "", { "optionalDependencies": { "@img/sharp-libvips-linux-arm": "1.2.4" }, "os": "linux", "cpu": "arm" }, "sha512-9dLqsvwtg1uuXBGZKsxem9595+ujv0sJ6Vi8wcTANSFpwV/GONat5eCkzQo/1O6zRIkh0m/8+5BjrRr7jDUSZw=="],

    "@img/sharp-linux-arm64": ["@img/sharp-linux-arm64@0.34.5", "", { "optionalDependencies": { "@img/sharp-libvips-linux-arm64": "1.2.4" }, "os": "linux", "cpu": "arm64" }, "sha512-bKQzaJRY/bkPOXyKx5EVup7qkaojECG6NLYswgktOZjaXecSAeCWiZwwiFf3/Y+O1HrauiE3FVsGxFg8c24rZg=="],

    "@img/sharp-linux-x64": ["@img/sharp-linux-x64@0.34.5", "", { "optionalDependencies": { "@img/sharp-libvips-linux-x64": "1.2.4" }, "os": "linux", "cpu": "x64" }, "sha512-MEzd8HPKxVxVenwAa+JRPwEC7QFjoPWuS5NZnBt6B3pu7EG2Ge0id1oLHZpPJdn3OQK+BQDiw9zStiHBTJQQQQ=="],

    "@img/sharp-linuxmusl-arm64": ["@img/sharp-linuxmusl-arm64@0.34.5", "", { "optionalDependencies": { "@img/sharp-libvips-linuxmusl-arm64": "1.2.4" }, "os": "linux", "cpu": "arm64" }, "sha512-fprJR6GtRsMt6Kyfq44IsChVZeGN97gTD331weR1ex1c1rypDEABN6Tm2xa1wE6lYb5DdEnk03NZPqA7Id21yg=="],

    "@img/sharp-linuxmusl-x64": ["@img/sharp-linuxmusl-x64@0.34.5", "", { "optionalDependencies": { "@img/sharp-libvips-linuxmusl-x64": "1.2.4" }, "os": "linux", "cpu": "x64" }, "sha512-Jg8wNT1MUzIvhBFxViqrEhWDGzqymo3sV7z7ZsaWbZNDLXRJZoRGrjulp60YYtV4wfY8VIKcWidjojlLcWrd8Q=="],

    "@img/sharp-win32-arm64": ["@img/sharp-win32-arm64@0.34.5", "", { "os": "win32", "cpu": "arm64" }, "sha512-WQ3AgWCWYSb2yt+IG8mnC6Jdk9Whs7O0gxphblsLvdhSpSTtmu69ZG1Gkb6NuvxsNACwiPV6cNSZNzt0KPsw7g=="],

    "@img/sharp-win32-x64": ["@img/sharp-win32-x64@0.34.5", "", { "os": "win32", "cpu": "x64" }, "sha512-+29YMsqY2/9eFEiW93eqWnuLcWcufowXewwSNIT6UwZdUUCrM3oFjMWH/Z6/TMmb4hlFenmfAVbpWeup2jryCw=="],

    "@openai/codex": ["@openai/codex@0.112.0", "", { "optionalDependencies": { "@openai/codex-darwin-arm64": "npm:@openai/codex@0.112.0-darwin-arm64", "@openai/codex-darwin-x64": "npm:@openai/codex@0.112.0-darwin-x64", "@openai/codex-linux-arm64": "npm:@openai/codex@0.112.0-linux-arm64", "@openai/codex-linux-x64": "npm:@openai/codex@0.112.0-linux-x64", "@openai/codex-win32-arm64": "npm:@openai/codex@0.112.0-win32-arm64", "@openai/codex-win32-x64": "npm:@openai/codex@0.112.0-win32-x64" }, "bin": { "codex": "bin/codex.js" } }, "sha512-zYSfPydyI4c8oyb/A+p4foEkMcmCH3g5HzhFC2A4ReLEzMUddtGalUi6gbjHyTZh5R5FgvUeN72krDZwn97wPw=="],

    "@openai/codex-darwin-arm64": ["@openai/codex@0.112.0-darwin-arm64", "", { "os": "darwin", "cpu": "arm64" }, "sha512-qtv6jkCFN2j7RcMyvvaRbpvtQsCyfz3yQrZAUZm0qBH/OGWtzvRpi2l1/dzXIlpjDBmpv+lHU0RNEgcK4gBk2g=="],

    "@openai/codex-darwin-x64": ["@openai/codex@0.112.0-darwin-x64", "", { "os": "darwin", "cpu": "x64" }, "sha512-hBQBRJLIDnEJBSGDI4+sZrne13OJTRghYyBLM7fNCQDC/rfBIn8rRJ6w7QcWW4W3RhaABx6mEDc19pBChyn5zw=="],

    "@openai/codex-linux-arm64": ["@openai/codex@0.112.0-linux-arm64", "", { "os": "linux", "cpu": "arm64" }, "sha512-ZAlMnou5k2US/VlW9hcbHqNC3yXmf6VV4ScrFJfgjV6imtXpUYYQ40g/IDaXQJR+wseNijLOlm+c+ONrvR4JUA=="],

    "@openai/codex-linux-x64": ["@openai/codex@0.112.0-linux-x64", "", { "os": "linux", "cpu": "x64" }, "sha512-RbK4oZAAOFVRaFEy7uEWKV2S4aF1xlDZY1ra1oX8Bci91akBwPM6wftA167+3jHabDXvdyX5k79M+3vHT8kY3Q=="],

    "@openai/codex-sdk": ["@openai/codex-sdk@0.112.0", "", { "dependencies": { "@openai/codex": "0.112.0" } }, "sha512-TQZtm8LiKpjDeXKLic4rvN1ZnzKQy5R5U8pmx/3KHskw9mbkT+g7aFNaXlVjBNggFjCaqatI1fTreiPupchYIw=="],

    "@openai/codex-win32-arm64": ["@openai/codex@0.112.0-win32-arm64", "", { "os": "win32", "cpu": "arm64" }, "sha512-F5g3h7ReJwpN5HNHQ8gB0e/pozjulP09tejyLCn7M5rakSY3UNfQ9IPE4knV0yb9taicJoAgRC5vbdAvOTWvOQ=="],

    "@openai/codex-win32-x64": ["@openai/codex@0.112.0-win32-x64", "", { "os": "win32", "cpu": "x64" }, "sha512-83QVVZnGfJ+Z+gJj+ig9u4UpoqnpbDFg8BSWxJODk6xmiQTbjyJ0ac9u4I0JhM6S5PQvbeq1IkiLMMOrDtyqhw=="],

    "@types/bun": ["@types/bun@1.3.10", "", { "dependencies": { "bun-types": "1.3.10" } }, "sha512-0+rlrUrOrTSskibryHbvQkDOWRJwJZqZlxrUs1u4oOoTln8+WIXBPmAuCF35SWB2z4Zl3E84Nl/D0P7803nigQ=="],

    "@types/node": ["@types/node@25.3.5", "", { "dependencies": { "undici-types": "~7.18.0" } }, "sha512-oX8xrhvpiyRCQkG1MFchB09f+cXftgIXb3a7UUa4Y3wpmZPw5tyZGTLWhlESOLq1Rq6oDlc8npVU2/9xiCuXMA=="],

    "ajv": ["ajv@8.18.0", "", { "dependencies": { "fast-deep-equal": "^3.1.3", "fast-uri": "^3.0.1", "json-schema-traverse": "^1.0.0", "require-from-string": "^2.0.2" } }, "sha512-PlXPeEWMXMZ7sPYOHqmDyCJzcfNrUr3fGNKtezX14ykXOEIvyK81d+qydx89KY5O71FKMPaQ2vBfBFI5NHR63A=="],

    "bun-types": ["bun-types@1.3.10", "", { "dependencies": { "@types/node": "*" } }, "sha512-tcpfCCl6XWo6nCVnpcVrxQ+9AYN1iqMIzgrSKYMB/fjLtV2eyAVEg7AxQJuCq/26R6HpKWykQXuSOq/21RYcbg=="],

    "fast-deep-equal": ["fast-deep-equal@3.1.3", "", {}, "sha512-f3qQ9oQy9j2AhBe/H9VC91wLmKBCCU/gDOnKNAYG5hswO7BLKj09Hc5HYNz9cGI++xlpDCIgDaitVs03ATR84Q=="],

    "fast-uri": ["fast-uri@3.1.0", "", {}, "sha512-iPeeDKJSWf4IEOasVVrknXpaBV0IApz/gp7S2bb7Z4Lljbl2MGJRqInZiUrQwV16cpzw/D3S5j5Julj/gT52AA=="],

    "json-schema-traverse": ["json-schema-traverse@1.0.0", "", {}, "sha512-NM8/P9n3XjXhIZn1lLhkFaACTOURQXjWhV4BA/RnOv8xvgqtqpAX9IO4mRQxSx1Rlo4tqzeqb0sOlruaOy3dug=="],

    "require-from-string": ["require-from-string@2.0.2", "", {}, "sha512-Xf0nWe6RseziFMu+Ap9biiUbmplq6S9/p+7w7YXP/JBHhrUDDUhwa+vANyubuqfZWTveU//DYVGsDG7RKL/vEw=="],

    "typescript": ["typescript@5.9.3", "", { "bin": { "tsc": "bin/tsc", "tsserver": "bin/tsserver" } }, "sha512-jl1vZzPDinLr9eUt3J/t7V6FgNEw9QjvBPdysz9KfQDD41fQrC2Y4vKQdiaUpFT4bXlb1RHhLpp8wtm6M5TgSw=="],

    "undici-types": ["undici-types@7.18.2", "", {}, "sha512-AsuCzffGHJybSaRrmr5eHr81mwJU3kjw6M+uprWvCXiNeN9SOGwQ3Jn8jb8m3Z6izVgknn1R0FTCEAP2QrLY/w=="],

    "zod": ["zod@4.3.6", "", {}, "sha512-rftlrkhHZOcjDwkGlnUtZZkvaPHCsDATp4pGpuOOMDaTdDDXF91wuVDJoWoPsKX/3YPQ5fHuF3STjcYyKr+Qhg=="],
  }
}
