{
  "lockfileVersion": 1,
  "workspaces": {
    "": {
      "name": "claudex",
      "dependencies": {
        "@openai/codex-sdk": "^0.112.0",
        "ajv": "^8.18.0",
      },
      "devDependencies": {
        "@types/bun": "latest",
        "typescript": "^5.8.2",
      },
    },
  },
  "packages": {
    "@openai/codex": ["@openai/codex@0.112.0", "", { "optionalDependencies": { "@openai/codex-darwin-arm64": "npm:@openai/codex@0.112.0-darwin-arm64", "@openai/codex-darwin-x64": "npm:@openai/codex@0.112.0-darwin-x64", "@openai/codex-linux-arm64": "npm:@openai/codex@0.112.0-linux-arm64", "@openai/codex-linux-x64": "npm:@openai/codex@0.112.0-linux-x64", "@openai/codex-win32-arm64": "npm:@openai/codex@0.112.0-win32-arm64", "@openai/codex-win32-x64": "npm:@openai/codex@0.112.0-win32-x64" }, "bin": { "codex": "bin/codex.js" } }, "sha512-zYSfPydyI4c8oyb/A+p4foEkMcmCH3g5HzhFC2A4ReLEzMUddtGalUi6gbjHyTZh5R5FgvUeN72krDZwn97wPw=="],

    "@openai/codex-darwin-arm64": ["@openai/codex@0.112.0-darwin-arm64", "", { "os": "darwin", "cpu": "arm64" }, "sha512-qtv6jkCFN2j7RcMyvvaRbpvtQsCyfz3yQrZAUZm0qBH/OGWtzvRpi2l1/dzXIlpjDBmpv+lHU0RNEgcK4gBk2g=="],

    "@openai/codex-darwin-x64": ["@openai/codex@0.112.0-darwin-x64", "", { "os": "darwin", "cpu": "x64" }, "sha512-hBQBRJLIDnEJBSGDI4+sZrne13OJTRghYyBLM7fNCQDC/rfBIn8rRJ6w7QcWW4W3RhaABx6mEDc19pBChyn5zw=="],

    "@openai/codex-linux-arm64": ["@openai/codex@0.112.0-linux-arm64", "", { "os": "linux", "cpu": "arm64" }, "sha512-ZAlMnou5k2US/VlW9hcbHqNC3yXmf6VV4ScrFJfgjV6imtXpUYYQ40g/IDaXQJR+wseNijLOlm+c+ONrvR4JUA=="],

    "@openai/codex-linux-x64": ["@openai/codex@0.112.0-linux-x64", "", { "os": "linux", "cpu": "x64" }, "sha512-RbK4oZAAOFVRaFEy7uEWKV2S4aF1xlDZY1ra1oX8Bci91akBwPM6wftA167+3jHabDXvdyX5k79M+3vHT8kY3Q=="],

    "@openai/codex-sdk": ["@openai/codex-sdk@0.112.0", "", { "dependencies": { "@openai/codex": "0.112.0" } }, "sha512-TQZtm8LiKpjDeXKLic4rvN1ZnzKQy5R5U8pmx/3KHskw9mbkT+g7aFNaXlVjBNggFjCaqatI1fTreiPupchYIw=="],

    "@openai/codex-win32-arm64": ["@openai/codex@0.112.0-win32-arm64", "", { "os": "win32", "cpu": "arm64" }, "sha512-F5g3h7ReJwpN5HNHQ8gB0e/pozjulP09tejyLCn7M5rakSY3UNfQ9IPE4knV0yb9taicJoAgRC5vbdAvOTWvOQ=="],

    "@openai/codex-win32-x64": ["@openai/codex@0.112.0-win32-x64", "", { "os": "win32", "cpu": "x64" }, "sha512-83QVVZnGfJ+Z+gJj+ig9u4UpoqnpbDFg8BSWxJODk6xmiQTbjyJ0ac9u4I0JhM6S5PQvbeq1IkiLMMOrDtyqhw=="],

    "@types/bun": ["@types/bun@1.3.10", "", { "dependencies": { "bun-types": "1.3.10" } }, "sha512-0+rlrUrOrTSskibryHbvQkDOWRJwJZqZlxrUs1u4oOoTln8+WIXBPmAuCF35SWB2z4Zl3E84Nl/D0P7803nigQ=="],

    "@types/node": ["@types/node@25.3.5", "", { "dependencies": { "undici-types": "~7.18.0" } }, "sha512-oX8xrhvpiyRCQkG1MFchB09f+cXftgIXb3a7UUa4Y3wpmZPw5tyZGTLWhlESOLq1Rq6oDlc8npVU2/9xiCuXMA=="],

    "ajv": ["ajv@8.18.0", "", { "dependencies": { "fast-deep-equal": "^3.1.3", "fast-uri": "^3.0.1", "json-schema-traverse": "^1.0.0", "require-from-string": "^2.0.2" } }, "sha512-PlXPeEWMXMZ7sPYOHqmDyCJzcfNrUr3fGNKtezX14ykXOEIvyK81d+qydx89KY5O71FKMPaQ2vBfBFI5NHR63A=="],

    "bun-types": ["bun-types@1.3.10", "", { "dependencies": { "@types/node": "*" } }, "sha512-tcpfCCl6XWo6nCVnpcVrxQ+9AYN1iqMIzgrSKYMB/fjLtV2eyAVEg7AxQJuCq/26R6HpKWykQXuSOq/21RYcbg=="],

    "fast-deep-equal": ["fast-deep-equal@3.1.3", "", {}, "sha512-f3qQ9oQy9j2AhBe/H9VC91wLmKBCCU/gDOnKNAYG5hswO7BLKj09Hc5HYNz9cGI++xlpDCIgDaitVs03ATR84Q=="],

    "fast-uri": ["fast-uri@3.1.0", "", {}, "sha512-iPeeDKJSWf4IEOasVVrknXpaBV0IApz/gp7S2bb7Z4Lljbl2MGJRqInZiUrQwV16cpzw/D3S5j5Julj/gT52AA=="],

    "json-schema-traverse": ["json-schema-traverse@1.0.0", "", {}, "sha512-NM8/P9n3XjXhIZn1lLhkFaACTOURQXjWhV4BA/RnOv8xvgqtqpAX9IO4mRQxSx1Rlo4tqzeqb0sOlruaOy3dug=="],

    "require-from-string": ["require-from-string@2.0.2", "", {}, "sha512-Xf0nWe6RseziFMu+Ap9biiUbmplq6S9/p+7w7YXP/JBHhrUDDUhwa+vANyubuqfZWTveU//DYVGsDG7RKL/vEw=="],

    "typescript": ["typescript@5.9.3", "", { "bin": { "tsc": "bin/tsc", "tsserver": "bin/tsserver" } }, "sha512-jl1vZzPDinLr9eUt3J/t7V6FgNEw9QjvBPdysz9KfQDD41fQrC2Y4vKQdiaUpFT4bXlb1RHhLpp8wtm6M5TgSw=="],

    "undici-types": ["undici-types@7.18.2", "", {}, "sha512-AsuCzffGHJybSaRrmr5eHr81mwJU3kjw6M+uprWvCXiNeN9SOGwQ3Jn8jb8m3Z6izVgknn1R0FTCEAP2QrLY/w=="],
  }
}
